
Microsoft Visual Studio Solution File, Format Version 12.00
# Visual Studio Version 17
VisualStudioVersion = 17.4.33403.182
MinimumVisualStudioVersion = 10.0.40219.1
Project("{FAE04EC0-301F-11D3-BF4B-00C04F79EFBC}") = "GuiaPractica22-05-23", "GuiaPractica22-05-23\GuiaPractica22-05-23.csproj", "{48381D17-5691-49E3-ABEE-BA2D47852532}"
EndProject
Global
	GlobalSection(SolutionConfigurationPlatforms) = preSolution
		Debug|Any CPU = Debug|Any CPU
		Release|Any CPU = Release|Any CPU
	EndGlobalSection
	GlobalSection(ProjectConfigurationPlatforms) = postSolution
		{48381D17-5691-49E3-ABEE-BA2D47852532}.Debug|Any CPU.ActiveCfg = Debug|Any CPU
		{48381D17-5691-49E3-ABEE-BA2D47852532}.Debug|Any CPU.Build.0 = Debug|Any CPU
		{48381D17-5691-49E3-ABEE-BA2D47852532}.Release|Any CPU.ActiveCfg = Release|Any CPU
		{48381D17-5691-49E3-ABEE-BA2D47852532}.Release|Any CPU.Build.0 = Release|Any CPU
	EndGlobalSection
	GlobalSection(SolutionProperties) = preSolution
		HideSolutionNode = FALSE
	EndGlobalSection
	GlobalSection(ExtensibilityGlobals) = postSolution
		SolutionGuid = {2B584888-2271-4070-9AC4-227FB98E09D7}
	EndGlobalSection
EndGlobal
